
Microsoft Visual Studio Solution File, Format Version 12.00
# Visual Studio Version 17
VisualStudioVersion = 17.14.36127.28 d17.14
MinimumVisualStudioVersion = 10.0.40219.1
Project("{FAE04EC0-301F-11D3-BF4B-00C04F79EFBC}") = "Tindahan ni Chin Chin", "Tindahan ni Chin Chin.csproj", "{EAEB7A1D-39CE-4417-BCAC-AD8B1216DA2A}"
EndProject
Global
	GlobalSection(SolutionConfigurationPlatforms) = preSolution
		Debug|Any CPU = Debug|Any CPU
		Release|Any CPU = Release|Any CPU
	EndGlobalSection
	GlobalSection(ProjectConfigurationPlatforms) = postSolution
		{EAEB7A1D-39CE-4417-BCAC-AD8B1216DA2A}.Debug|Any CPU.ActiveCfg = Debug|Any CPU
		{EAEB7A1D-39CE-4417-BCAC-AD8B1216DA2A}.Debug|Any CPU.Build.0 = Debug|Any CPU
		{EAEB7A1D-39CE-4417-BCAC-AD8B1216DA2A}.Release|Any CPU.ActiveCfg = Release|Any CPU
		{EAEB7A1D-39CE-4417-BCAC-AD8B1216DA2A}.Release|Any CPU.Build.0 = Release|Any CPU
	EndGlobalSection
	GlobalSection(SolutionProperties) = preSolution
		HideSolutionNode = FALSE
	EndGlobalSection
	GlobalSection(ExtensibilityGlobals) = postSolution
		SolutionGuid = {094AD4D5-C24C-4AE0-97C2-8560862714C2}
	EndGlobalSection
EndGlobal
